// !$*UTF8*$!
{
	archiveVersion = 1;
	classes = {
	};
	objectVersion = 46;
	objects = {

/* Begin PBXBuildFile section */
		848952F81C47BE1E000B1B8F /* JSCParser.cpp in Sources */ = {isa = PBXBuildFile; fileRef = 848952F21C47BE1E000B1B8F /* JSCParser.cpp */; };
		848952F91C47BE1E000B1B8F /* JSCStream.cpp in Sources */ = {isa = PBXBuildFile; fileRef = 848952F41C47BE1E000B1B8F /* JSCStream.cpp */; };
		848952FA1C47BE1E000B1B8F /* JSCTokens.cpp in Sources */ = {isa = PBXBuildFile; fileRef = 848952F61C47BE1E000B1B8F /* JSCTokens.cpp */; };
		848953061C47BE5C000B1B8F /* main.cpp in Sources */ = {isa = PBXBuildFile; fileRef = 848953051C47BE5C000B1B8F /* main.cpp */; };
		848953091C47C15F000B1B8F /* test-schema.json in CopyFiles */ = {isa = PBXBuildFile; fileRef = 848952F01C47BE0B000B1B8F /* test-schema.json */; };
/* End PBXBuildFile section */

/* Begin PBXCopyFilesBuildPhase section */
		848953081C47C153000B1B8F /* CopyFiles */ = {
			isa = PBXCopyFilesBuildPhase;
			buildActionMask = 2147483647;
			dstPath = "";
			dstSubfolderSpec = 7;
			files = (
				848953091C47C15F000B1B8F /* test-schema.json in CopyFiles */,
			);
			runOnlyForDeploymentPostprocessing = 0;
		};
/* End PBXCopyFilesBuildPhase section */

/* Begin PBXFileReference section */
		848952F01C47BE0B000B1B8F /* test-schema.json */ = {isa = PBXFileReference; lastKnownFileType = text.json; path = "test-schema.json"; sourceTree = "<group>"; };
		848952F21C47BE1E000B1B8F /* JSCParser.cpp */ = {isa = PBXFileReference; fileEncoding = 4; lastKnownFileType = sourcecode.cpp.cpp; path = JSCParser.cpp; sourceTree = "<group>"; };
		848952F31C47BE1E000B1B8F /* JSCParser.h */ = {isa = PBXFileReference; fileEncoding = 4; lastKnownFileType = sourcecode.c.h; path = JSCParser.h; sourceTree = "<group>"; };
		848952F41C47BE1E000B1B8F /* JSCStream.cpp */ = {isa = PBXFileReference; fileEncoding = 4; lastKnownFileType = sourcecode.cpp.cpp; path = JSCStream.cpp; sourceTree = "<group>"; };
		848952F51C47BE1E000B1B8F /* JSCStream.h */ = {isa = PBXFileReference; fileEncoding = 4; lastKnownFileType = sourcecode.c.h; path = JSCStream.h; sourceTree = "<group>"; };
		848952F61C47BE1E000B1B8F /* JSCTokens.cpp */ = {isa = PBXFileReference; fileEncoding = 4; lastKnownFileType = sourcecode.cpp.cpp; path = JSCTokens.cpp; sourceTree = "<group>"; };
		848952F71C47BE1E000B1B8F /* JSCTokens.h */ = {isa = PBXFileReference; fileEncoding = 4; lastKnownFileType = sourcecode.c.h; path = JSCTokens.h; sourceTree = "<group>"; };
		848952FC1C47BE33000B1B8F /* IJSCLanguage.h */ = {isa = PBXFileReference; fileEncoding = 4; lastKnownFileType = sourcecode.c.h; path = IJSCLanguage.h; sourceTree = "<group>"; };
		848952FD1C47BE33000B1B8F /* JSCLanguageObject.h */ = {isa = PBXFileReference; fileEncoding = 4; lastKnownFileType = sourcecode.c.h; path = JSCLanguageObject.h; sourceTree = "<group>"; };
		848952FE1C47BE33000B1B8F /* JSCOutput.h */ = {isa = PBXFileReference; fileEncoding = 4; lastKnownFileType = sourcecode.c.h; path = JSCOutput.h; sourceTree = "<group>"; };
		848953011C47BE54000B1B8F /* JSCArray.h */ = {isa = PBXFileReference; fileEncoding = 4; lastKnownFileType = sourcecode.c.h; path = JSCArray.h; sourceTree = "<group>"; };
		848953021C47BE54000B1B8F /* JSCEnum.h */ = {isa = PBXFileReference; fileEncoding = 4; lastKnownFileType = sourcecode.c.h; path = JSCEnum.h; sourceTree = "<group>"; };
		848953031C47BE54000B1B8F /* JSCObject.h */ = {isa = PBXFileReference; fileEncoding = 4; lastKnownFileType = sourcecode.c.h; path = JSCObject.h; sourceTree = "<group>"; };
		848953041C47BE54000B1B8F /* JSCProperty.h */ = {isa = PBXFileReference; fileEncoding = 4; lastKnownFileType = sourcecode.c.h; path = JSCProperty.h; sourceTree = "<group>"; };
		848953051C47BE5C000B1B8F /* main.cpp */ = {isa = PBXFileReference; fileEncoding = 4; lastKnownFileType = sourcecode.cpp.cpp; path = main.cpp; sourceTree = "<group>"; };
		84B76CAB1C46275500878510 /* CodeGeneratorByJSONSchema */ = {isa = PBXFileReference; explicitFileType = "compiled.mach-o.executable"; includeInIndex = 0; path = CodeGeneratorByJSONSchema; sourceTree = BUILT_PRODUCTS_DIR; };
/* End PBXFileReference section */

/* Begin PBXFrameworksBuildPhase section */
		84B76CA81C46275500878510 /* Frameworks */ = {
			isa = PBXFrameworksBuildPhase;
			buildActionMask = 2147483647;
			files = (
			);
			runOnlyForDeploymentPostprocessing = 0;
		};
/* End PBXFrameworksBuildPhase section */

/* Begin PBXGroup section */
		848952EF1C47BDFF000B1B8F /* Resources */ = {
			isa = PBXGroup;
			children = (
				848952F01C47BE0B000B1B8F /* test-schema.json */,
			);
			name = Resources;
			sourceTree = "<group>";
		};
		848952F11C47BE13000B1B8F /* Sources */ = {
			isa = PBXGroup;
			children = (
				848953001C47BE47000B1B8F /* Properties */,
				848952FB1C47BE22000B1B8F /* LanguageGenerator */,
				848952F21C47BE1E000B1B8F /* JSCParser.cpp */,
				848952F31C47BE1E000B1B8F /* JSCParser.h */,
				848952F41C47BE1E000B1B8F /* JSCStream.cpp */,
				848952F51C47BE1E000B1B8F /* JSCStream.h */,
				848952F61C47BE1E000B1B8F /* JSCTokens.cpp */,
				848952F71C47BE1E000B1B8F /* JSCTokens.h */,
				848953051C47BE5C000B1B8F /* main.cpp */,
			);
			name = Sources;
			sourceTree = "<group>";
		};
		848952FB1C47BE22000B1B8F /* LanguageGenerator */ = {
			isa = PBXGroup;
			children = (
				848952FC1C47BE33000B1B8F /* IJSCLanguage.h */,
				848952FD1C47BE33000B1B8F /* JSCLanguageObject.h */,
				848952FE1C47BE33000B1B8F /* JSCOutput.h */,
			);
			name = LanguageGenerator;
			sourceTree = "<group>";
		};
		848953001C47BE47000B1B8F /* Properties */ = {
			isa = PBXGroup;
			children = (
				848953011C47BE54000B1B8F /* JSCArray.h */,
				848953021C47BE54000B1B8F /* JSCEnum.h */,
				848953031C47BE54000B1B8F /* JSCObject.h */,
				848953041C47BE54000B1B8F /* JSCProperty.h */,
			);
			name = Properties;
			sourceTree = "<group>";
		};
		84B76CA21C46275500878510 = {
			isa = PBXGroup;
			children = (
				848952F11C47BE13000B1B8F /* Sources */,
				848952EF1C47BDFF000B1B8F /* Resources */,
				84B76CAC1C46275500878510 /* Products */,
			);
			sourceTree = "<group>";
		};
		84B76CAC1C46275500878510 /* Products */ = {
			isa = PBXGroup;
			children = (
				84B76CAB1C46275500878510 /* CodeGeneratorByJSONSchema */,
			);
			name = Products;
			sourceTree = "<group>";
		};
/* End PBXGroup section */

/* Begin PBXNativeTarget section */
		84B76CAA1C46275500878510 /* CodeGeneratorByJSONSchema */ = {
			isa = PBXNativeTarget;
			buildConfigurationList = 84B76CB21C46275500878510 /* Build configuration list for PBXNativeTarget "CodeGeneratorByJSONSchema" */;
			buildPhases = (
				84B76CA71C46275500878510 /* Sources */,
				84B76CA81C46275500878510 /* Frameworks */,
				848953081C47C153000B1B8F /* CopyFiles */,
			);
			buildRules = (
			);
			dependencies = (
			);
			name = CodeGeneratorByJSONSchema;
			productName = CodeGeneratorByJSONScheme;
			productReference = 84B76CAB1C46275500878510 /* CodeGeneratorByJSONSchema */;
			productType = "com.apple.product-type.tool";
		};
/* End PBXNativeTarget section */

/* Begin PBXProject section */
		84B76CA31C46275500878510 /* Project object */ = {
			isa = PBXProject;
			attributes = {
				LastUpgradeCheck = 0710;
				ORGANIZATIONNAME = themsteam;
				TargetAttributes = {
					84B76CAA1C46275500878510 = {
						CreatedOnToolsVersion = 7.1;
					};
				};
			};
			buildConfigurationList = 84B76CA61C46275500878510 /* Build configuration list for PBXProject "CodeGeneratorByJSONSchema" */;
			compatibilityVersion = "Xcode 3.2";
			developmentRegion = English;
			hasScannedForEncodings = 0;
			knownRegions = (
				en,
			);
			mainGroup = 84B76CA21C46275500878510;
			productRefGroup = 84B76CAC1C46275500878510 /* Products */;
			projectDirPath = "";
			projectRoot = "";
			targets = (
				84B76CAA1C46275500878510 /* CodeGeneratorByJSONSchema */,
			);
		};
/* End PBXProject section */

/* Begin PBXSourcesBuildPhase section */
		84B76CA71C46275500878510 /* Sources */ = {
			isa = PBXSourcesBuildPhase;
			buildActionMask = 2147483647;
			files = (
				848952F81C47BE1E000B1B8F /* JSCParser.cpp in Sources */,
				848952FA1C47BE1E000B1B8F /* JSCTokens.cpp in Sources */,
				848953061C47BE5C000B1B8F /* main.cpp in Sources */,
				848952F91C47BE1E000B1B8F /* JSCStream.cpp in Sources */,
			);
			runOnlyForDeploymentPostprocessing = 0;
		};
/* End PBXSourcesBuildPhase section */

/* Begin XCBuildConfiguration section */
		84B76CB01C46275500878510 /* Debug */ = {
			isa = XCBuildConfiguration;
			buildSettings = {
				ALWAYS_SEARCH_USER_PATHS = NO;
				CLANG_CXX_LANGUAGE_STANDARD = "gnu++0x";
				CLANG_CXX_LIBRARY = "libc++";
				CLANG_ENABLE_MODULES = YES;
				CLANG_ENABLE_OBJC_ARC = YES;
				CLANG_WARN_BOOL_CONVERSION = YES;
				CLANG_WARN_CONSTANT_CONVERSION = YES;
				CLANG_WARN_DIRECT_OBJC_ISA_USAGE = YES_ERROR;
				CLANG_WARN_EMPTY_BODY = YES;
				CLANG_WARN_ENUM_CONVERSION = YES;
				CLANG_WARN_INT_CONVERSION = YES;
				CLANG_WARN_OBJC_ROOT_CLASS = YES_ERROR;
				CLANG_WARN_UNREACHABLE_CODE = YES;
				CLANG_WARN__DUPLICATE_METHOD_MATCH = YES;
				CODE_SIGN_IDENTITY = "-";
				COPY_PHASE_STRIP = NO;
				DEBUG_INFORMATION_FORMAT = dwarf;
				ENABLE_STRICT_OBJC_MSGSEND = YES;
				ENABLE_TESTABILITY = YES;
				GCC_C_LANGUAGE_STANDARD = gnu99;
				GCC_DYNAMIC_NO_PIC = NO;
				GCC_NO_COMMON_BLOCKS = YES;
				GCC_OPTIMIZATION_LEVEL = 0;
				GCC_PREPROCESSOR_DEFINITIONS = (
					"DEBUG=1",
					"$(inherited)",
				);
				GCC_WARN_64_TO_32_BIT_CONVERSION = YES;
				GCC_WARN_ABOUT_RETURN_TYPE = YES_ERROR;
				GCC_WARN_UNDECLARED_SELECTOR = YES;
				GCC_WARN_UNINITIALIZED_AUTOS = YES_AGGRESSIVE;
				GCC_WARN_UNUSED_FUNCTION = YES;
				GCC_WARN_UNUSED_VARIABLE = YES;
				MACOSX_DEPLOYMENT_TARGET = 10.11;
				MTL_ENABLE_DEBUG_INFO = YES;
				ONLY_ACTIVE_ARCH = YES;
				SDKROOT = macosx;
			};
			name = Debug;
		};
		84B76CB11C46275500878510 /* Release */ = {
			isa = XCBuildConfiguration;
			buildSettings = {
				ALWAYS_SEARCH_USER_PATHS = NO;
				CLANG_CXX_LANGUAGE_STANDARD = "gnu++0x";
				CLANG_CXX_LIBRARY = "libc++";
				CLANG_ENABLE_MODULES = YES;
				CLANG_ENABLE_OBJC_ARC = YES;
				CLANG_WARN_BOOL_CONVERSION = YES;
				CLANG_WARN_CONSTANT_CONVERSION = YES;
				CLANG_WARN_DIRECT_OBJC_ISA_USAGE = YES_ERROR;
				CLANG_WARN_EMPTY_BODY = YES;
				CLANG_WARN_ENUM_CONVERSION = YES;
				CLANG_WARN_INT_CONVERSION = YES;
				CLANG_WARN_OBJC_ROOT_CLASS = YES_ERROR;
				CLANG_WARN_UNREACHABLE_CODE = YES;
				CLANG_WARN__DUPLICATE_METHOD_MATCH = YES;
				CODE_SIGN_IDENTITY = "-";
				COPY_PHASE_STRIP = NO;
				DEBUG_INFORMATION_FORMAT = "dwarf-with-dsym";
				ENABLE_NS_ASSERTIONS = NO;
				ENABLE_STRICT_OBJC_MSGSEND = YES;
				GCC_C_LANGUAGE_STANDARD = gnu99;
				GCC_NO_COMMON_BLOCKS = YES;
				GCC_WARN_64_TO_32_BIT_CONVERSION = YES;
				GCC_WARN_ABOUT_RETURN_TYPE = YES_ERROR;
				GCC_WARN_UNDECLARED_SELECTOR = YES;
				GCC_WARN_UNINITIALIZED_AUTOS = YES_AGGRESSIVE;
				GCC_WARN_UNUSED_FUNCTION = YES;
				GCC_WARN_UNUSED_VARIABLE = YES;
				MACOSX_DEPLOYMENT_TARGET = 10.11;
				MTL_ENABLE_DEBUG_INFO = NO;
				SDKROOT = macosx;
			};
			name = Release;
		};
		84B76CB31C46275500878510 /* Debug */ = {
			isa = XCBuildConfiguration;
			buildSettings = {
				PRODUCT_NAME = CodeGeneratorByJSONSchema;
			};
			name = Debug;
		};
		84B76CB41C46275500878510 /* Release */ = {
			isa = XCBuildConfiguration;
			buildSettings = {
				PRODUCT_NAME = CodeGeneratorByJSONSchema;
			};
			name = Release;
		};
/* End XCBuildConfiguration section */

/* Begin XCConfigurationList section */
		84B76CA61C46275500878510 /* Build configuration list for PBXProject "CodeGeneratorByJSONSchema" */ = {
			isa = XCConfigurationList;
			buildConfigurations = (
				84B76CB01C46275500878510 /* Debug */,
				84B76CB11C46275500878510 /* Release */,
			);
			defaultConfigurationIsVisible = 0;
			defaultConfigurationName = Release;
		};
		84B76CB21C46275500878510 /* Build configuration list for PBXNativeTarget "CodeGeneratorByJSONSchema" */ = {
			isa = XCConfigurationList;
			buildConfigurations = (
				84B76CB31C46275500878510 /* Debug */,
				84B76CB41C46275500878510 /* Release */,
			);
			defaultConfigurationIsVisible = 0;
			defaultConfigurationName = Release;
		};
/* End XCConfigurationList section */
	};
	rootObject = 84B76CA31C46275500878510 /* Project object */;
}
