// !$*UTF8*$!
{
	archiveVersion = 1;
	classes = {
	};
	objectVersion = 46;
	objects = {

/* Begin PBXBuildFile section */
		84012D3E1C520B070095380B /* JSCObjcBaseLanguage.cpp in Sources */ = {isa = PBXBuildFile; fileRef = 84012D3A1C520B070095380B /* JSCObjcBaseLanguage.cpp */; };
		84012D3F1C520B070095380B /* JSCObjcJSONModelLanguage.cpp in Sources */ = {isa = PBXBuildFile; fileRef = 84012D3C1C520B070095380B /* JSCObjcJSONModelLanguage.cpp */; };
		84012D421C520CD40095380B /* JSCObjcRealmLanguage.cpp in Sources */ = {isa = PBXBuildFile; fileRef = 84012D401C520CD40095380B /* JSCObjcRealmLanguage.cpp */; };
		84012D451C520DCB0095380B /* JSCLanguageFabric.cpp in Sources */ = {isa = PBXBuildFile; fileRef = 84012D441C520DCB0095380B /* JSCLanguageFabric.cpp */; };
		84012D471C5213AB0095380B /* configRealm.ini in CopyFiles */ = {isa = PBXBuildFile; fileRef = 84012D461C5210130095380B /* configRealm.ini */; };
		847731CE1C5758B300A42974 /* configTtronic.ini in CopyFiles */ = {isa = PBXBuildFile; fileRef = 847731CD1C57561300A42974 /* configTtronic.ini */; };
		848953A01C49334A000B1B8F /* JSCParser.cpp in Sources */ = {isa = PBXBuildFile; fileRef = 848953811C49334A000B1B8F /* JSCParser.cpp */; };
		848953A11C49334A000B1B8F /* JSCStream.cpp in Sources */ = {isa = PBXBuildFile; fileRef = 848953831C49334A000B1B8F /* JSCStream.cpp */; };
		848953A21C49334A000B1B8F /* JSCTokens.cpp in Sources */ = {isa = PBXBuildFile; fileRef = 848953851C49334A000B1B8F /* JSCTokens.cpp */; };
		848953A31C49334A000B1B8F /* SIALogger.cpp in Sources */ = {isa = PBXBuildFile; fileRef = 8489538C1C49334A000B1B8F /* SIALogger.cpp */; };
		848953A41C49334A000B1B8F /* main.cpp in Sources */ = {isa = PBXBuildFile; fileRef = 8489538E1C49334A000B1B8F /* main.cpp */; };
		848953A51C49334A000B1B8F /* JSCArray.cpp in Sources */ = {isa = PBXBuildFile; fileRef = 848953921C49334A000B1B8F /* JSCArray.cpp */; };
		848953A61C49334A000B1B8F /* JSCEnum.cpp in Sources */ = {isa = PBXBuildFile; fileRef = 848953941C49334A000B1B8F /* JSCEnum.cpp */; };
		848953A71C49334A000B1B8F /* JSCMultyType.cpp in Sources */ = {isa = PBXBuildFile; fileRef = 848953961C49334A000B1B8F /* JSCMultyType.cpp */; };
		848953A81C49334A000B1B8F /* JSCObject.cpp in Sources */ = {isa = PBXBuildFile; fileRef = 848953981C49334A000B1B8F /* JSCObject.cpp */; };
		848953A91C49334A000B1B8F /* JSCProperty.cpp in Sources */ = {isa = PBXBuildFile; fileRef = 8489539A1C49334A000B1B8F /* JSCProperty.cpp */; };
		848953AA1C49334A000B1B8F /* JSCRef.cpp in Sources */ = {isa = PBXBuildFile; fileRef = 8489539C1C49334A000B1B8F /* JSCRef.cpp */; };
		848953AB1C49334A000B1B8F /* JSCUnknown.cpp in Sources */ = {isa = PBXBuildFile; fileRef = 8489539E1C49334A000B1B8F /* JSCUnknown.cpp */; };
		848953AE1C493361000B1B8F /* ttronic.json in CopyFiles */ = {isa = PBXBuildFile; fileRef = 848953AD1C493358000B1B8F /* ttronic.json */; };
		848953B81C4CF214000B1B8F /* JSCOutput.cpp in Sources */ = {isa = PBXBuildFile; fileRef = 848953B71C4CF214000B1B8F /* JSCOutput.cpp */; };
		848953BC1C4D079B000B1B8F /* Config.cpp in Sources */ = {isa = PBXBuildFile; fileRef = 848953BA1C4D079B000B1B8F /* Config.cpp */; };
		848953C01C4D0AA2000B1B8F /* JSCLanguageBase.cpp in Sources */ = {isa = PBXBuildFile; fileRef = 848953BE1C4D0AA2000B1B8F /* JSCLanguageBase.cpp */; };
		848953C21C4DFA32000B1B8F /* configJSONModel.ini in CopyFiles */ = {isa = PBXBuildFile; fileRef = 848953C11C4DFA29000B1B8F /* configJSONModel.ini */; };
/* End PBXBuildFile section */

/* Begin PBXCopyFilesBuildPhase section */
		848953081C47C153000B1B8F /* CopyFiles */ = {
			isa = PBXCopyFilesBuildPhase;
			buildActionMask = 2147483647;
			dstPath = "";
			dstSubfolderSpec = 7;
			files = (
				847731CE1C5758B300A42974 /* configTtronic.ini in CopyFiles */,
				84012D471C5213AB0095380B /* configRealm.ini in CopyFiles */,
				848953C21C4DFA32000B1B8F /* configJSONModel.ini in CopyFiles */,
				848953AE1C493361000B1B8F /* ttronic.json in CopyFiles */,
			);
			runOnlyForDeploymentPostprocessing = 0;
		};
/* End PBXCopyFilesBuildPhase section */

/* Begin PBXFileReference section */
		84012D3A1C520B070095380B /* JSCObjcBaseLanguage.cpp */ = {isa = PBXFileReference; fileEncoding = 4; lastKnownFileType = sourcecode.cpp.cpp; path = JSCObjcBaseLanguage.cpp; sourceTree = "<group>"; };
		84012D3B1C520B070095380B /* JSCObjcBaseLanguage.h */ = {isa = PBXFileReference; fileEncoding = 4; lastKnownFileType = sourcecode.c.h; path = JSCObjcBaseLanguage.h; sourceTree = "<group>"; };
		84012D3C1C520B070095380B /* JSCObjcJSONModelLanguage.cpp */ = {isa = PBXFileReference; fileEncoding = 4; lastKnownFileType = sourcecode.cpp.cpp; path = JSCObjcJSONModelLanguage.cpp; sourceTree = "<group>"; };
		84012D3D1C520B070095380B /* JSCObjcJSONModelLanguage.h */ = {isa = PBXFileReference; fileEncoding = 4; lastKnownFileType = sourcecode.c.h; path = JSCObjcJSONModelLanguage.h; sourceTree = "<group>"; };
		84012D401C520CD40095380B /* JSCObjcRealmLanguage.cpp */ = {isa = PBXFileReference; fileEncoding = 4; lastKnownFileType = sourcecode.cpp.cpp; path = JSCObjcRealmLanguage.cpp; sourceTree = "<group>"; };
		84012D411C520CD40095380B /* JSCObjcRealmLanguage.h */ = {isa = PBXFileReference; fileEncoding = 4; lastKnownFileType = sourcecode.c.h; path = JSCObjcRealmLanguage.h; sourceTree = "<group>"; };
		84012D431C520D5C0095380B /* JSCLanguageFabric.h */ = {isa = PBXFileReference; lastKnownFileType = sourcecode.c.h; path = JSCLanguageFabric.h; sourceTree = "<group>"; };
		84012D441C520DCB0095380B /* JSCLanguageFabric.cpp */ = {isa = PBXFileReference; fileEncoding = 4; lastKnownFileType = sourcecode.cpp.cpp; path = JSCLanguageFabric.cpp; sourceTree = "<group>"; };
		84012D461C5210130095380B /* configRealm.ini */ = {isa = PBXFileReference; fileEncoding = 4; lastKnownFileType = text; path = configRealm.ini; sourceTree = "<group>"; };
		847731CD1C57561300A42974 /* configTtronic.ini */ = {isa = PBXFileReference; fileEncoding = 4; lastKnownFileType = text; path = configTtronic.ini; sourceTree = "<group>"; };
		848953811C49334A000B1B8F /* JSCParser.cpp */ = {isa = PBXFileReference; fileEncoding = 4; lastKnownFileType = sourcecode.cpp.cpp; path = JSCParser.cpp; sourceTree = "<group>"; };
		848953821C49334A000B1B8F /* JSCParser.h */ = {isa = PBXFileReference; fileEncoding = 4; lastKnownFileType = sourcecode.c.h; path = JSCParser.h; sourceTree = "<group>"; };
		848953831C49334A000B1B8F /* JSCStream.cpp */ = {isa = PBXFileReference; fileEncoding = 4; lastKnownFileType = sourcecode.cpp.cpp; path = JSCStream.cpp; sourceTree = "<group>"; };
		848953841C49334A000B1B8F /* JSCStream.h */ = {isa = PBXFileReference; fileEncoding = 4; lastKnownFileType = sourcecode.c.h; path = JSCStream.h; sourceTree = "<group>"; };
		848953851C49334A000B1B8F /* JSCTokens.cpp */ = {isa = PBXFileReference; fileEncoding = 4; lastKnownFileType = sourcecode.cpp.cpp; path = JSCTokens.cpp; sourceTree = "<group>"; };
		848953861C49334A000B1B8F /* JSCTokens.h */ = {isa = PBXFileReference; fileEncoding = 4; lastKnownFileType = sourcecode.c.h; path = JSCTokens.h; sourceTree = "<group>"; };
		8489538A1C49334A000B1B8F /* JSCOutput.h */ = {isa = PBXFileReference; fileEncoding = 4; lastKnownFileType = sourcecode.c.h; path = JSCOutput.h; sourceTree = "<group>"; };
		8489538C1C49334A000B1B8F /* SIALogger.cpp */ = {isa = PBXFileReference; fileEncoding = 4; lastKnownFileType = sourcecode.cpp.cpp; path = SIALogger.cpp; sourceTree = "<group>"; };
		8489538D1C49334A000B1B8F /* SIALogger.h */ = {isa = PBXFileReference; fileEncoding = 4; lastKnownFileType = sourcecode.c.h; path = SIALogger.h; sourceTree = "<group>"; };
		8489538E1C49334A000B1B8F /* main.cpp */ = {isa = PBXFileReference; fileEncoding = 4; lastKnownFileType = sourcecode.cpp.cpp; path = main.cpp; sourceTree = "<group>"; };
		848953921C49334A000B1B8F /* JSCArray.cpp */ = {isa = PBXFileReference; fileEncoding = 4; lastKnownFileType = sourcecode.cpp.cpp; path = JSCArray.cpp; sourceTree = "<group>"; };
		848953931C49334A000B1B8F /* JSCArray.h */ = {isa = PBXFileReference; fileEncoding = 4; lastKnownFileType = sourcecode.c.h; path = JSCArray.h; sourceTree = "<group>"; };
		848953941C49334A000B1B8F /* JSCEnum.cpp */ = {isa = PBXFileReference; fileEncoding = 4; lastKnownFileType = sourcecode.cpp.cpp; path = JSCEnum.cpp; sourceTree = "<group>"; };
		848953951C49334A000B1B8F /* JSCEnum.h */ = {isa = PBXFileReference; fileEncoding = 4; lastKnownFileType = sourcecode.c.h; path = JSCEnum.h; sourceTree = "<group>"; };
		848953961C49334A000B1B8F /* JSCMultyType.cpp */ = {isa = PBXFileReference; fileEncoding = 4; lastKnownFileType = sourcecode.cpp.cpp; path = JSCMultyType.cpp; sourceTree = "<group>"; };
		848953971C49334A000B1B8F /* JSCMultyType.h */ = {isa = PBXFileReference; fileEncoding = 4; lastKnownFileType = sourcecode.c.h; path = JSCMultyType.h; sourceTree = "<group>"; };
		848953981C49334A000B1B8F /* JSCObject.cpp */ = {isa = PBXFileReference; fileEncoding = 4; lastKnownFileType = sourcecode.cpp.cpp; path = JSCObject.cpp; sourceTree = "<group>"; };
		848953991C49334A000B1B8F /* JSCObject.h */ = {isa = PBXFileReference; fileEncoding = 4; lastKnownFileType = sourcecode.c.h; path = JSCObject.h; sourceTree = "<group>"; };
		8489539A1C49334A000B1B8F /* JSCProperty.cpp */ = {isa = PBXFileReference; fileEncoding = 4; lastKnownFileType = sourcecode.cpp.cpp; path = JSCProperty.cpp; sourceTree = "<group>"; };
		8489539B1C49334A000B1B8F /* JSCProperty.h */ = {isa = PBXFileReference; fileEncoding = 4; lastKnownFileType = sourcecode.c.h; path = JSCProperty.h; sourceTree = "<group>"; };
		8489539C1C49334A000B1B8F /* JSCRef.cpp */ = {isa = PBXFileReference; fileEncoding = 4; lastKnownFileType = sourcecode.cpp.cpp; path = JSCRef.cpp; sourceTree = "<group>"; };
		8489539D1C49334A000B1B8F /* JSCRef.h */ = {isa = PBXFileReference; fileEncoding = 4; lastKnownFileType = sourcecode.c.h; path = JSCRef.h; sourceTree = "<group>"; };
		8489539E1C49334A000B1B8F /* JSCUnknown.cpp */ = {isa = PBXFileReference; fileEncoding = 4; lastKnownFileType = sourcecode.cpp.cpp; path = JSCUnknown.cpp; sourceTree = "<group>"; };
		8489539F1C49334A000B1B8F /* JSCUnknown.h */ = {isa = PBXFileReference; fileEncoding = 4; lastKnownFileType = sourcecode.c.h; path = JSCUnknown.h; sourceTree = "<group>"; };
		848953AD1C493358000B1B8F /* ttronic.json */ = {isa = PBXFileReference; fileEncoding = 4; lastKnownFileType = text.json; path = ttronic.json; sourceTree = "<group>"; };
		848953B71C4CF214000B1B8F /* JSCOutput.cpp */ = {isa = PBXFileReference; fileEncoding = 4; lastKnownFileType = sourcecode.cpp.cpp; path = JSCOutput.cpp; sourceTree = "<group>"; };
		848953BA1C4D079B000B1B8F /* Config.cpp */ = {isa = PBXFileReference; fileEncoding = 4; lastKnownFileType = sourcecode.cpp.cpp; name = Config.cpp; path = Config/Config.cpp; sourceTree = "<group>"; };
		848953BB1C4D079B000B1B8F /* Config.h */ = {isa = PBXFileReference; fileEncoding = 4; lastKnownFileType = sourcecode.c.h; name = Config.h; path = Config/Config.h; sourceTree = "<group>"; };
		848953BD1C4D0A44000B1B8F /* JSCTypes.h */ = {isa = PBXFileReference; lastKnownFileType = sourcecode.c.h; path = JSCTypes.h; sourceTree = "<group>"; };
		848953BE1C4D0AA2000B1B8F /* JSCLanguageBase.cpp */ = {isa = PBXFileReference; fileEncoding = 4; lastKnownFileType = sourcecode.cpp.cpp; path = JSCLanguageBase.cpp; sourceTree = "<group>"; };
		848953BF1C4D0AA2000B1B8F /* JSCLanguageBase.h */ = {isa = PBXFileReference; fileEncoding = 4; lastKnownFileType = sourcecode.c.h; path = JSCLanguageBase.h; sourceTree = "<group>"; };
		848953C11C4DFA29000B1B8F /* configJSONModel.ini */ = {isa = PBXFileReference; fileEncoding = 4; lastKnownFileType = text; path = configJSONModel.ini; sourceTree = "<group>"; };
		84B76CAB1C46275500878510 /* CodeGeneratorByJSONSchema */ = {isa = PBXFileReference; explicitFileType = "compiled.mach-o.executable"; includeInIndex = 0; path = CodeGeneratorByJSONSchema; sourceTree = BUILT_PRODUCTS_DIR; };
/* End PBXFileReference section */

/* Begin PBXFrameworksBuildPhase section */
		84B76CA81C46275500878510 /* Frameworks */ = {
			isa = PBXFrameworksBuildPhase;
			buildActionMask = 2147483647;
			files = (
			);
			runOnlyForDeploymentPostprocessing = 0;
		};
/* End PBXFrameworksBuildPhase section */

/* Begin PBXGroup section */
		84012D391C520B070095380B /* Objc */ = {
			isa = PBXGroup;
			children = (
				84012D3A1C520B070095380B /* JSCObjcBaseLanguage.cpp */,
				84012D3B1C520B070095380B /* JSCObjcBaseLanguage.h */,
				84012D401C520CD40095380B /* JSCObjcRealmLanguage.cpp */,
				84012D411C520CD40095380B /* JSCObjcRealmLanguage.h */,
				84012D3C1C520B070095380B /* JSCObjcJSONModelLanguage.cpp */,
				84012D3D1C520B070095380B /* JSCObjcJSONModelLanguage.h */,
			);
			path = Objc;
			sourceTree = "<group>";
		};
		848953801C49334A000B1B8F /* Sources */ = {
			isa = PBXGroup;
			children = (
				848953BD1C4D0A44000B1B8F /* JSCTypes.h */,
				848953B91C4D0784000B1B8F /* Config */,
				848953811C49334A000B1B8F /* JSCParser.cpp */,
				848953821C49334A000B1B8F /* JSCParser.h */,
				848953831C49334A000B1B8F /* JSCStream.cpp */,
				848953841C49334A000B1B8F /* JSCStream.h */,
				848953851C49334A000B1B8F /* JSCTokens.cpp */,
				848953861C49334A000B1B8F /* JSCTokens.h */,
				848953871C49334A000B1B8F /* LanguageGenerator */,
				8489538B1C49334A000B1B8F /* Logger */,
				8489538E1C49334A000B1B8F /* main.cpp */,
				848953911C49334A000B1B8F /* Properties */,
			);
			name = Sources;
			path = ../Sources;
			sourceTree = "<group>";
		};
		848953871C49334A000B1B8F /* LanguageGenerator */ = {
			isa = PBXGroup;
			children = (
				84012D391C520B070095380B /* Objc */,
				848953BF1C4D0AA2000B1B8F /* JSCLanguageBase.h */,
				848953BE1C4D0AA2000B1B8F /* JSCLanguageBase.cpp */,
				8489538A1C49334A000B1B8F /* JSCOutput.h */,
				848953B71C4CF214000B1B8F /* JSCOutput.cpp */,
				84012D431C520D5C0095380B /* JSCLanguageFabric.h */,
				84012D441C520DCB0095380B /* JSCLanguageFabric.cpp */,
			);
			path = LanguageGenerator;
			sourceTree = "<group>";
		};
		8489538B1C49334A000B1B8F /* Logger */ = {
			isa = PBXGroup;
			children = (
				8489538C1C49334A000B1B8F /* SIALogger.cpp */,
				8489538D1C49334A000B1B8F /* SIALogger.h */,
			);
			path = Logger;
			sourceTree = "<group>";
		};
		848953911C49334A000B1B8F /* Properties */ = {
			isa = PBXGroup;
			children = (
				848953921C49334A000B1B8F /* JSCArray.cpp */,
				848953931C49334A000B1B8F /* JSCArray.h */,
				848953941C49334A000B1B8F /* JSCEnum.cpp */,
				848953951C49334A000B1B8F /* JSCEnum.h */,
				848953961C49334A000B1B8F /* JSCMultyType.cpp */,
				848953971C49334A000B1B8F /* JSCMultyType.h */,
				848953981C49334A000B1B8F /* JSCObject.cpp */,
				848953991C49334A000B1B8F /* JSCObject.h */,
				8489539A1C49334A000B1B8F /* JSCProperty.cpp */,
				8489539B1C49334A000B1B8F /* JSCProperty.h */,
				8489539C1C49334A000B1B8F /* JSCRef.cpp */,
				8489539D1C49334A000B1B8F /* JSCRef.h */,
				8489539E1C49334A000B1B8F /* JSCUnknown.cpp */,
				8489539F1C49334A000B1B8F /* JSCUnknown.h */,
			);
			path = Properties;
			sourceTree = "<group>";
		};
		848953AC1C493358000B1B8F /* Resources */ = {
			isa = PBXGroup;
			children = (
				848953AD1C493358000B1B8F /* ttronic.json */,
				847731CD1C57561300A42974 /* configTtronic.ini */,
				848953C11C4DFA29000B1B8F /* configJSONModel.ini */,
				84012D461C5210130095380B /* configRealm.ini */,
			);
			name = Resources;
			path = ../Resources;
			sourceTree = "<group>";
		};
		848953B91C4D0784000B1B8F /* Config */ = {
			isa = PBXGroup;
			children = (
				848953BA1C4D079B000B1B8F /* Config.cpp */,
				848953BB1C4D079B000B1B8F /* Config.h */,
			);
			name = Config;
			sourceTree = "<group>";
		};
		84B76CA21C46275500878510 = {
			isa = PBXGroup;
			children = (
				848953AC1C493358000B1B8F /* Resources */,
				848953801C49334A000B1B8F /* Sources */,
				84B76CAC1C46275500878510 /* Products */,
			);
			sourceTree = "<group>";
		};
		84B76CAC1C46275500878510 /* Products */ = {
			isa = PBXGroup;
			children = (
				84B76CAB1C46275500878510 /* CodeGeneratorByJSONSchema */,
			);
			name = Products;
			sourceTree = "<group>";
		};
/* End PBXGroup section */

/* Begin PBXNativeTarget section */
		84B76CAA1C46275500878510 /* CodeGeneratorByJSONSchema */ = {
			isa = PBXNativeTarget;
			buildConfigurationList = 84B76CB21C46275500878510 /* Build configuration list for PBXNativeTarget "CodeGeneratorByJSONSchema" */;
			buildPhases = (
				84B76CA71C46275500878510 /* Sources */,
				84B76CA81C46275500878510 /* Frameworks */,
				848953081C47C153000B1B8F /* CopyFiles */,
			);
			buildRules = (
			);
			dependencies = (
			);
			name = CodeGeneratorByJSONSchema;
			productName = CodeGeneratorByJSONScheme;
			productReference = 84B76CAB1C46275500878510 /* CodeGeneratorByJSONSchema */;
			productType = "com.apple.product-type.tool";
		};
/* End PBXNativeTarget section */

/* Begin PBXProject section */
		84B76CA31C46275500878510 /* Project object */ = {
			isa = PBXProject;
			attributes = {
				LastUpgradeCheck = 0710;
				ORGANIZATIONNAME = themsteam;
				TargetAttributes = {
					84B76CAA1C46275500878510 = {
						CreatedOnToolsVersion = 7.1;
					};
				};
			};
			buildConfigurationList = 84B76CA61C46275500878510 /* Build configuration list for PBXProject "CodeGeneratorByJSONSchema" */;
			compatibilityVersion = "Xcode 3.2";
			developmentRegion = English;
			hasScannedForEncodings = 0;
			knownRegions = (
				en,
			);
			mainGroup = 84B76CA21C46275500878510;
			productRefGroup = 84B76CAC1C46275500878510 /* Products */;
			projectDirPath = "";
			projectRoot = "";
			targets = (
				84B76CAA1C46275500878510 /* CodeGeneratorByJSONSchema */,
			);
		};
/* End PBXProject section */

/* Begin PBXSourcesBuildPhase section */
		84B76CA71C46275500878510 /* Sources */ = {
			isa = PBXSourcesBuildPhase;
			buildActionMask = 2147483647;
			files = (
				848953A11C49334A000B1B8F /* JSCStream.cpp in Sources */,
				848953AA1C49334A000B1B8F /* JSCRef.cpp in Sources */,
				848953C01C4D0AA2000B1B8F /* JSCLanguageBase.cpp in Sources */,
				848953BC1C4D079B000B1B8F /* Config.cpp in Sources */,
				84012D421C520CD40095380B /* JSCObjcRealmLanguage.cpp in Sources */,
				848953A61C49334A000B1B8F /* JSCEnum.cpp in Sources */,
				84012D3E1C520B070095380B /* JSCObjcBaseLanguage.cpp in Sources */,
				848953A01C49334A000B1B8F /* JSCParser.cpp in Sources */,
				848953A21C49334A000B1B8F /* JSCTokens.cpp in Sources */,
				848953A81C49334A000B1B8F /* JSCObject.cpp in Sources */,
				848953B81C4CF214000B1B8F /* JSCOutput.cpp in Sources */,
				848953A91C49334A000B1B8F /* JSCProperty.cpp in Sources */,
				848953AB1C49334A000B1B8F /* JSCUnknown.cpp in Sources */,
				848953A41C49334A000B1B8F /* main.cpp in Sources */,
				848953A51C49334A000B1B8F /* JSCArray.cpp in Sources */,
				848953A71C49334A000B1B8F /* JSCMultyType.cpp in Sources */,
				848953A31C49334A000B1B8F /* SIALogger.cpp in Sources */,
				84012D3F1C520B070095380B /* JSCObjcJSONModelLanguage.cpp in Sources */,
				84012D451C520DCB0095380B /* JSCLanguageFabric.cpp in Sources */,
			);
			runOnlyForDeploymentPostprocessing = 0;
		};
/* End PBXSourcesBuildPhase section */

/* Begin XCBuildConfiguration section */
		84B76CB01C46275500878510 /* Debug */ = {
			isa = XCBuildConfiguration;
			buildSettings = {
				ALWAYS_SEARCH_USER_PATHS = NO;
				CLANG_CXX_LANGUAGE_STANDARD = "gnu++0x";
				CLANG_CXX_LIBRARY = "libc++";
				CLANG_ENABLE_MODULES = YES;
				CLANG_ENABLE_OBJC_ARC = YES;
				CLANG_WARN_BOOL_CONVERSION = YES;
				CLANG_WARN_CONSTANT_CONVERSION = YES;
				CLANG_WARN_DIRECT_OBJC_ISA_USAGE = YES_ERROR;
				CLANG_WARN_EMPTY_BODY = YES;
				CLANG_WARN_ENUM_CONVERSION = YES;
				CLANG_WARN_INT_CONVERSION = YES;
				CLANG_WARN_OBJC_ROOT_CLASS = YES_ERROR;
				CLANG_WARN_UNREACHABLE_CODE = YES;
				CLANG_WARN__DUPLICATE_METHOD_MATCH = YES;
				CODE_SIGN_IDENTITY = "-";
				COPY_PHASE_STRIP = NO;
				DEBUG_INFORMATION_FORMAT = dwarf;
				ENABLE_STRICT_OBJC_MSGSEND = YES;
				ENABLE_TESTABILITY = YES;
				GCC_C_LANGUAGE_STANDARD = gnu99;
				GCC_DYNAMIC_NO_PIC = NO;
				GCC_NO_COMMON_BLOCKS = YES;
				GCC_OPTIMIZATION_LEVEL = 0;
				GCC_PREPROCESSOR_DEFINITIONS = (
					"DEBUG=1",
					"$(inherited)",
				);
				GCC_WARN_64_TO_32_BIT_CONVERSION = YES;
				GCC_WARN_ABOUT_RETURN_TYPE = YES_ERROR;
				GCC_WARN_UNDECLARED_SELECTOR = YES;
				GCC_WARN_UNINITIALIZED_AUTOS = YES_AGGRESSIVE;
				GCC_WARN_UNUSED_FUNCTION = YES;
				GCC_WARN_UNUSED_VARIABLE = YES;
				MACOSX_DEPLOYMENT_TARGET = 10.11;
				MTL_ENABLE_DEBUG_INFO = YES;
				ONLY_ACTIVE_ARCH = YES;
				SDKROOT = macosx;
			};
			name = Debug;
		};
		84B76CB11C46275500878510 /* Release */ = {
			isa = XCBuildConfiguration;
			buildSettings = {
				ALWAYS_SEARCH_USER_PATHS = NO;
				CLANG_CXX_LANGUAGE_STANDARD = "gnu++0x";
				CLANG_CXX_LIBRARY = "libc++";
				CLANG_ENABLE_MODULES = YES;
				CLANG_ENABLE_OBJC_ARC = YES;
				CLANG_WARN_BOOL_CONVERSION = YES;
				CLANG_WARN_CONSTANT_CONVERSION = YES;
				CLANG_WARN_DIRECT_OBJC_ISA_USAGE = YES_ERROR;
				CLANG_WARN_EMPTY_BODY = YES;
				CLANG_WARN_ENUM_CONVERSION = YES;
				CLANG_WARN_INT_CONVERSION = YES;
				CLANG_WARN_OBJC_ROOT_CLASS = YES_ERROR;
				CLANG_WARN_UNREACHABLE_CODE = YES;
				CLANG_WARN__DUPLICATE_METHOD_MATCH = YES;
				CODE_SIGN_IDENTITY = "-";
				COPY_PHASE_STRIP = NO;
				DEBUG_INFORMATION_FORMAT = "dwarf-with-dsym";
				ENABLE_NS_ASSERTIONS = NO;
				ENABLE_STRICT_OBJC_MSGSEND = YES;
				GCC_C_LANGUAGE_STANDARD = gnu99;
				GCC_NO_COMMON_BLOCKS = YES;
				GCC_WARN_64_TO_32_BIT_CONVERSION = YES;
				GCC_WARN_ABOUT_RETURN_TYPE = YES_ERROR;
				GCC_WARN_UNDECLARED_SELECTOR = YES;
				GCC_WARN_UNINITIALIZED_AUTOS = YES_AGGRESSIVE;
				GCC_WARN_UNUSED_FUNCTION = YES;
				GCC_WARN_UNUSED_VARIABLE = YES;
				MACOSX_DEPLOYMENT_TARGET = 10.11;
				MTL_ENABLE_DEBUG_INFO = NO;
				SDKROOT = macosx;
			};
			name = Release;
		};
		84B76CB31C46275500878510 /* Debug */ = {
			isa = XCBuildConfiguration;
			buildSettings = {
				PRODUCT_NAME = CodeGeneratorByJSONSchema;
			};
			name = Debug;
		};
		84B76CB41C46275500878510 /* Release */ = {
			isa = XCBuildConfiguration;
			buildSettings = {
				PRODUCT_NAME = CodeGeneratorByJSONSchema;
			};
			name = Release;
		};
/* End XCBuildConfiguration section */

/* Begin XCConfigurationList section */
		84B76CA61C46275500878510 /* Build configuration list for PBXProject "CodeGeneratorByJSONSchema" */ = {
			isa = XCConfigurationList;
			buildConfigurations = (
				84B76CB01C46275500878510 /* Debug */,
				84B76CB11C46275500878510 /* Release */,
			);
			defaultConfigurationIsVisible = 0;
			defaultConfigurationName = Release;
		};
		84B76CB21C46275500878510 /* Build configuration list for PBXNativeTarget "CodeGeneratorByJSONSchema" */ = {
			isa = XCConfigurationList;
			buildConfigurations = (
				84B76CB31C46275500878510 /* Debug */,
				84B76CB41C46275500878510 /* Release */,
			);
			defaultConfigurationIsVisible = 0;
			defaultConfigurationName = Release;
		};
/* End XCConfigurationList section */
	};
	rootObject = 84B76CA31C46275500878510 /* Project object */;
}
